<?xml version="1.0" encoding="utf-8"?>
<Project ToolsVersion="4.0" xmlns="http://schemas.microsoft.com/developer/msbuild/2003">
  <ItemGroup>
    <ClCompile Include="main.cpp" />
    <ClCompile Include="externals\imgui\imgui.cpp">
      <Filter>imgui</Filter>
    </ClCompile>
    <ClCompile Include="externals\imgui\imgui_demo.cpp">
      <Filter>imgui</Filter>
    </ClCompile>
    <ClCompile Include="externals\imgui\imgui_draw.cpp">
      <Filter>imgui</Filter>
    </ClCompile>
    <ClCompile Include="externals\imgui\imgui_impl_dx12.cpp">
      <Filter>imgui</Filter>
    </ClCompile>
    <ClCompile Include="externals\imgui\imgui_impl_win32.cpp">
      <Filter>imgui</Filter>
    </ClCompile>
    <ClCompile Include="externals\imgui\imgui_tables.cpp">
      <Filter>imgui</Filter>
    </ClCompile>
    <ClCompile Include="externals\imgui\imgui_widgets.cpp">
      <Filter>imgui</Filter>
    </ClCompile>
    <ClCompile Include="MPEngine\MPEngine.cpp">
      <Filter>MPEngine</Filter>
    </ClCompile>
    <ClCompile Include="MPEngine\math\Matrix4x4.cpp">
      <Filter>MPEngine\Math\Matrix4x4</Filter>
    </ClCompile>
    <ClCompile Include="MPEngine\math\Vector2.cpp">
      <Filter>MPEngine\Math\Vector2</Filter>
    </ClCompile>
    <ClCompile Include="MPEngine\math\Vector3.cpp">
      <Filter>MPEngine\Math\Vector3</Filter>
    </ClCompile>
    <ClCompile Include="MPEngine\math\Vector4.cpp">
      <Filter>MPEngine\Math\Vector4</Filter>
    </ClCompile>
    <ClCompile Include="MPEngine\Base\DetailSetting\RenderTarget\RenderTarget.cpp">
      <Filter>MPEngine\Base\DetailSetting\RenderTarget</Filter>
    </ClCompile>
    <ClCompile Include="MPEngine\Base\DetailSetting\DescriptorHeap\DescriptorHeap.cpp">
      <Filter>MPEngine\Base\DetailSetting\DescriptorHeap</Filter>
    </ClCompile>
    <ClCompile Include="MPEngine\Base\Manager\DeviceManager\DeviceManager.cpp">
      <Filter>MPEngine\Base\Manager\DeviceManager</Filter>
    </ClCompile>
    <ClCompile Include="MPEngine\Base\DetailSetting\SwapChain\SwapChain.cpp">
      <Filter>MPEngine\Base\DetailSetting\SwapChain</Filter>
    </ClCompile>
    <ClCompile Include="MPEngine\Base\Manager\ResourceManager\ResourceManager.cpp">
      <Filter>MPEngine\Base\Manager\ResourceManager</Filter>
    </ClCompile>
    <ClCompile Include="MPEngine\Base\Manager\ListManager\ListManager.cpp">
      <Filter>MPEngine\Base\Manager\ListManager</Filter>
    </ClCompile>
    <ClCompile Include="MPEngine\Base\WindowSupervisor\WindowSupervisor.cpp">
      <Filter>MPEngine\Base\WindowSupervisor</Filter>
    </ClCompile>
    <ClCompile Include="MPEngine\Base\GraphicsManager\GraphicsManager.cpp">
      <Filter>MPEngine\Base\GraphicsManager</Filter>
    </ClCompile>
    <ClCompile Include="MPEngine\Input\KeyInput.cpp">
      <Filter>MPEngine\Input</Filter>
    </ClCompile>
    <ClCompile Include="MPEngine\Input\PadInput.cpp">
      <Filter>MPEngine\Input</Filter>
    </ClCompile>
    <ClCompile Include="MPEngine\Input\Input.cpp">
      <Filter>MPEngine\Input</Filter>
    </ClCompile>
    <ClCompile Include="MPEngine\Base\DetailSetting\DepthBuffer\DepthBuffer.cpp">
      <Filter>MPEngine\Base\DetailSetting\DepthBuffer</Filter>
    </ClCompile>
    <ClCompile Include="MPEngine\TimeBaseLoopExecuter\TimeBaseLoopExecuter.cpp">
      <Filter>MPEngine\TimeBaseLoopExecuter</Filter>
    </ClCompile>
    <ClCompile Include="MPEngine\Graphics\Texture\Texture.cpp">
      <Filter>MPEngine\Graphics\Texture</Filter>
    </ClCompile>
    <ClCompile Include="MPEngine\Base\DetailSetting\GraphicsPipeline\GraphicsPipeline.cpp">
      <Filter>MPEngine\Base\DetailSetting\GraphicsPipeline</Filter>
    </ClCompile>
    <ClCompile Include="MPEngine\Base\Manager\ShaderManager\ShaderManager.cpp">
      <Filter>MPEngine\Base\Manager\ShaderManager</Filter>
    </ClCompile>
    <ClCompile Include="MPEngine\Graphics\SpriteRender\SpriteRender.cpp">
      <Filter>MPEngine\Graphics\SpriteRender</Filter>
    </ClCompile>
    <ClCompile Include="MPEngine\Graphics\Sprite\Sprite.cpp">
      <Filter>MPEngine\Graphics\Sprite</Filter>
    </ClCompile>
    <ClCompile Include="MPEngine\Base\DetailSetting\RootSignature\RootSignature.cpp">
      <Filter>MPEngine\Base\DetailSetting\RootSignature</Filter>
    </ClCompile>
    <ClCompile Include="MPEngine\Base\DetailSetting\DescriptorHandle\DescriptorHandle.cpp">
      <Filter>MPEngine\Base\DetailSetting\DescriptorHandle</Filter>
    </ClCompile>
    <ClCompile Include="MPEngine\Graphics\RenderManager\RenderManager.cpp">
      <Filter>MPEngine\Graphics\RenderManager</Filter>
    </ClCompile>
    <ClCompile Include="GameScene\GameScene.cpp">
      <Filter>GameScene</Filter>
    </ClCompile>
    <ClCompile Include="MPEngine\Base\Manager\PipelineManager\PipelineManager.cpp">
      <Filter>MPEngine\Base\Manager\PipelineManager</Filter>
    </ClCompile>
    <ClCompile Include="MPEngine\Math\Matrix3x3.cpp">
      <Filter>MPEngine\Math\Matrix3x3</Filter>
    </ClCompile>
    <ClCompile Include="MPEngine\Graphics\Model\Model.cpp">
      <Filter>MPEngine\Graphics\Model</Filter>
    </ClCompile>
    <ClCompile Include="MPEngine\Graphics\ModelRender\ModelRender.cpp">
      <Filter>MPEngine\Graphics\ModelRender</Filter>
    </ClCompile>
    <ClCompile Include="MPEngine\Graphics\Object3d\Object3d.cpp">
      <Filter>MPEngine\Graphics\Object3d</Filter>
    </ClCompile>
    <ClCompile Include="MPEngine\Utils\WorldTransform\WorldTransform.cpp">
      <Filter>MPEngine\Utils\WorldTransform</Filter>
    </ClCompile>
    <ClCompile Include="Game\Stage\Stage.cpp">
      <Filter>Game\Stage</Filter>
    </ClCompile>
    <ClCompile Include="MPEngine\Utils\Camera\Camera.cpp">
      <Filter>MPEngine\Utils\Camera</Filter>
    </ClCompile>
    <ClCompile Include="Game\Player\Player.cpp">
      <Filter>Game\Player</Filter>
    </ClCompile>
    <ClCompile Include="MPEngine\Utils\Camera\Camera3d.cpp">
      <Filter>MPEngine\Utils\Camera</Filter>
    </ClCompile>
    <ClCompile Include="Game\Scene\BattleScene.cpp">
      <Filter>Game\Scene\BattleScene</Filter>
    </ClCompile>
    <ClCompile Include="Game\FollowCamera\FollowCamera.cpp">
      <Filter>Game\FollowCamera</Filter>
    </ClCompile>
    <ClCompile Include="Game\BoxSky\BoxSky.cpp">
      <Filter>Game\BoxSky</Filter>
    </ClCompile>
    <ClCompile Include="Game\Stage\Ground.cpp">
      <Filter>Game\Stage\Ground</Filter>
    </ClCompile>
    <ClCompile Include="Game\Stage\Tower.cpp">
      <Filter>Game\Stage\Tower</Filter>
    </ClCompile>
    <ClCompile Include="MPEngine\Utils\Easing\Ease.cpp">
      <Filter>MPEngine\Utils\Easing</Filter>
    </ClCompile>
    <ClCompile Include="Game\Target\Target.cpp">
      <Filter>Game\Target</Filter>
    </ClCompile>
    <ClCompile Include="Game\LockOn\LockOn.cpp">
      <Filter>Game\LockOn</Filter>
    </ClCompile>
    <ClCompile Include="MPEngine\Utils\GlobalVariables\GlobalVariables.cpp">
      <Filter>MPEngine\Utils\GlobalVariables</Filter>
    </ClCompile>
    <ClCompile Include="MPEngine\Math\AABB.cpp">
      <Filter>MPEngine\Math\AABB</Filter>
    </ClCompile>
    <ClCompile Include="Game\Enemy\Enemy.cpp">
      <Filter>Game\Enemy</Filter>
    </ClCompile>
  </ItemGroup>
  <ItemGroup>
    <ClInclude Include="externals\imgui\imconfig.h">
      <Filter>imgui</Filter>
    </ClInclude>
    <ClInclude Include="externals\imgui\imgui.h">
      <Filter>imgui</Filter>
    </ClInclude>
    <ClInclude Include="externals\imgui\imgui_impl_dx12.h">
      <Filter>imgui</Filter>
    </ClInclude>
    <ClInclude Include="externals\imgui\imgui_impl_win32.h">
      <Filter>imgui</Filter>
    </ClInclude>
    <ClInclude Include="externals\imgui\imgui_internal.h">
      <Filter>imgui</Filter>
    </ClInclude>
    <ClInclude Include="externals\imgui\imstb_rectpack.h">
      <Filter>imgui</Filter>
    </ClInclude>
    <ClInclude Include="externals\imgui\imstb_textedit.h">
      <Filter>imgui</Filter>
    </ClInclude>
    <ClInclude Include="externals\imgui\imstb_truetype.h">
      <Filter>imgui</Filter>
    </ClInclude>
    <ClInclude Include="resource.h" />
    <ClInclude Include="MPEngine\MPEngine.h">
      <Filter>MPEngine</Filter>
    </ClInclude>
    <ClInclude Include="MPEngine\math\Matrix4x4.h">
      <Filter>MPEngine\Math\Matrix4x4</Filter>
    </ClInclude>
    <ClInclude Include="MPEngine\math\Vector2.h">
      <Filter>MPEngine\Math\Vector2</Filter>
    </ClInclude>
    <ClInclude Include="MPEngine\math\Vector3.h">
      <Filter>MPEngine\Math\Vector3</Filter>
    </ClInclude>
    <ClInclude Include="MPEngine\math\Vector4.h">
      <Filter>MPEngine\Math\Vector4</Filter>
    </ClInclude>
    <ClInclude Include="MPEngine\Base\Log.h">
      <Filter>MPEngine\Base</Filter>
    </ClInclude>
    <ClInclude Include="MPEngine\Base\DetailSetting\RenderTarget\RenderTarget.h">
      <Filter>MPEngine\Base\DetailSetting\RenderTarget</Filter>
    </ClInclude>
    <ClInclude Include="MPEngine\Base\DetailSetting\DescriptorHeap\DescriptorHeap.h">
      <Filter>MPEngine\Base\DetailSetting\DescriptorHeap</Filter>
    </ClInclude>
    <ClInclude Include="MPEngine\Base\Manager\DeviceManager\DeviceManager.h">
      <Filter>MPEngine\Base\Manager\DeviceManager</Filter>
    </ClInclude>
    <ClInclude Include="MPEngine\Base\DetailSetting\SwapChain\SwapChain.h">
      <Filter>MPEngine\Base\DetailSetting\SwapChain</Filter>
    </ClInclude>
    <ClInclude Include="MPEngine\Base\Manager\ResourceManager\ResourceManager.h">
      <Filter>MPEngine\Base\Manager\ResourceManager</Filter>
    </ClInclude>
    <ClInclude Include="MPEngine\Base\Manager\ListManager\ListManager.h">
      <Filter>MPEngine\Base\Manager\ListManager</Filter>
    </ClInclude>
    <ClInclude Include="MPEngine\Base\WindowSupervisor\WindowSupervisor.h">
      <Filter>MPEngine\Base\WindowSupervisor</Filter>
    </ClInclude>
    <ClInclude Include="MPEngine\Base\GraphicsManager\GraphicsManager.h">
      <Filter>MPEngine\Base\GraphicsManager</Filter>
    </ClInclude>
    <ClInclude Include="MPEngine\Input\KeyInput.h">
      <Filter>MPEngine\Input</Filter>
    </ClInclude>
    <ClInclude Include="MPEngine\Input\PadInput.h">
      <Filter>MPEngine\Input</Filter>
    </ClInclude>
    <ClInclude Include="MPEngine\Input\Input.h">
      <Filter>MPEngine\Input</Filter>
    </ClInclude>
    <ClInclude Include="MPEngine\Base\DetailSetting\DepthBuffer\DepthBuffer.h">
      <Filter>MPEngine\Base\DetailSetting\DepthBuffer</Filter>
    </ClInclude>
    <ClInclude Include="MPEngine\TimeBaseLoopExecuter\TimeBaseLoopExecuter.h">
      <Filter>MPEngine\TimeBaseLoopExecuter</Filter>
    </ClInclude>
    <ClInclude Include="MPEngine\Base\DetailSetting\GraphicsPipeline\GraphicsPipeline.h">
      <Filter>MPEngine\Base\DetailSetting\GraphicsPipeline</Filter>
    </ClInclude>
    <ClInclude Include="MPEngine\Graphics\Texture\Texture.h">
      <Filter>MPEngine\Graphics\Texture</Filter>
    </ClInclude>
    <ClInclude Include="MPEngine\Base\Manager\ShaderManager\ShaderManager.h">
      <Filter>MPEngine\Base\Manager\ShaderManager</Filter>
    </ClInclude>
    <ClInclude Include="MPEngine\Graphics\SpriteRender\SpriteRender.h">
      <Filter>MPEngine\Graphics\SpriteRender</Filter>
    </ClInclude>
    <ClInclude Include="MPEngine\Graphics\Sprite\Sprite.h">
      <Filter>MPEngine\Graphics\Sprite</Filter>
    </ClInclude>
    <ClInclude Include="MPEngine\Base\DetailSetting\RootSignature\RootSignature.h">
      <Filter>MPEngine\Base\DetailSetting\RootSignature</Filter>
    </ClInclude>
    <ClInclude Include="MPEngine\Base\ConstantBuffer.h">
      <Filter>MPEngine\Base</Filter>
    </ClInclude>
    <ClInclude Include="MPEngine\Base\DetailSetting\DescriptorHandle\DescriptorHandle.h">
      <Filter>MPEngine\Base\DetailSetting\DescriptorHandle</Filter>
    </ClInclude>
    <ClInclude Include="MPEngine\Graphics\RenderManager\RenderManager.h">
      <Filter>MPEngine\Graphics\RenderManager</Filter>
    </ClInclude>
    <ClInclude Include="GameScene\GameScene.h">
      <Filter>GameScene</Filter>
    </ClInclude>
    <ClInclude Include="MPEngine\Base\Manager\PipelineManager\PipelineManager.h">
      <Filter>MPEngine\Base\Manager\PipelineManager</Filter>
    </ClInclude>
    <ClInclude Include="MPEngine\Math\Matrix3x3.h">
      <Filter>MPEngine\Math\Matrix3x3</Filter>
    </ClInclude>
    <ClInclude Include="MPEngine\Math\MathUtl.h">
      <Filter>MPEngine\Math</Filter>
    </ClInclude>
    <ClInclude Include="MPEngine\Graphics\Model\Model.h">
      <Filter>MPEngine\Graphics\Model</Filter>
    </ClInclude>
    <ClInclude Include="MPEngine\Graphics\ModelRender\ModelRender.h">
      <Filter>MPEngine\Graphics\ModelRender</Filter>
    </ClInclude>
    <ClInclude Include="MPEngine\Graphics\Object3d\Object3d.h">
      <Filter>MPEngine\Graphics\Object3d</Filter>
    </ClInclude>
    <ClInclude Include="MPEngine\Utils\WorldTransform\WorldTransform.h">
      <Filter>MPEngine\Utils\WorldTransform</Filter>
    </ClInclude>
    <ClInclude Include="MPEngine\Framework\SceneFrame.h">
      <Filter>MPEngine\Framework</Filter>
    </ClInclude>
    <ClInclude Include="MPEngine\Framework\GameFrame.h">
      <Filter>MPEngine\Framework</Filter>
    </ClInclude>
    <ClInclude Include="Game\Stage\Stage.h">
      <Filter>Game\Stage</Filter>
    </ClInclude>
    <ClInclude Include="MPEngine\Utils\Camera\Camera.h">
      <Filter>MPEngine\Utils\Camera</Filter>
    </ClInclude>
    <ClInclude Include="Game\Player\Player.h">
      <Filter>Game\Player</Filter>
    </ClInclude>
    <ClInclude Include="MPEngine\Utils\Camera\Camera3d.h">
      <Filter>MPEngine\Utils\Camera</Filter>
    </ClInclude>
    <ClInclude Include="Game\Scene\BattleScene.h">
      <Filter>Game\Scene\BattleScene</Filter>
    </ClInclude>
    <ClInclude Include="Game\FollowCamera\FollowCamera.h">
      <Filter>Game\FollowCamera</Filter>
    </ClInclude>
    <ClInclude Include="Game\BoxSky\BoxSky.h">
      <Filter>Game\BoxSky</Filter>
    </ClInclude>
    <ClInclude Include="Game\Stage\Ground.h">
      <Filter>Game\Stage\Ground</Filter>
    </ClInclude>
    <ClInclude Include="Game\Stage\Tower.h">
      <Filter>Game\Stage\Tower</Filter>
    </ClInclude>
    <ClInclude Include="MPEngine\Utils\Easing\Ease.h">
      <Filter>MPEngine\Utils\Easing</Filter>
    </ClInclude>
    <ClInclude Include="MPEngine\Utils\Easing\Easing.h">
      <Filter>MPEngine\Utils\Easing</Filter>
    </ClInclude>
    <ClInclude Include="Game\Target\Target.h">
      <Filter>Game\Target</Filter>
    </ClInclude>
    <ClInclude Include="Game\LockOn\LockOn.h">
      <Filter>Game\LockOn</Filter>
    </ClInclude>
    <ClInclude Include="MPEngine\Utils\GlobalVariables\GlobalVariables.h">
      <Filter>MPEngine\Utils\GlobalVariables</Filter>
    </ClInclude>
    <ClInclude Include="MPEngine\Math\AABB.h">
      <Filter>MPEngine\Math\AABB</Filter>
    </ClInclude>
    <ClInclude Include="Game\Enemy\Enemy.h">
      <Filter>Game\Enemy</Filter>
    </ClInclude>
  </ItemGroup>
  <ItemGroup>
    <Filter Include="imgui">
      <UniqueIdentifier>{1bc5df33-c290-41ee-b4db-b9f6b0d0758c}</UniqueIdentifier>
    </Filter>
    <Filter Include="MPEngine">
      <UniqueIdentifier>{879924de-88d7-4bc4-9058-376dfbbd92d7}</UniqueIdentifier>
    </Filter>
    <Filter Include="MPEngine\Base">
      <UniqueIdentifier>{f667e17e-d6ca-48b9-89b4-0aca0f8918d8}</UniqueIdentifier>
    </Filter>
    <Filter Include="MPEngine\Math">
      <UniqueIdentifier>{8f449e96-ff08-45ab-ae25-a91bb37b44d0}</UniqueIdentifier>
    </Filter>
    <Filter Include="MPEngine\Math\Matrix4x4">
      <UniqueIdentifier>{0f1c9859-9c4d-4796-a6ef-a0f8b18498c7}</UniqueIdentifier>
    </Filter>
    <Filter Include="MPEngine\Math\Vector2">
      <UniqueIdentifier>{e4ebadad-8597-4a3e-862a-6931629894aa}</UniqueIdentifier>
    </Filter>
    <Filter Include="MPEngine\Math\Vector3">
      <UniqueIdentifier>{aca66387-b77b-4f38-839c-2ef359d289f0}</UniqueIdentifier>
    </Filter>
    <Filter Include="MPEngine\Math\Vector4">
      <UniqueIdentifier>{2fecb063-0fa0-4816-9163-9300fb887795}</UniqueIdentifier>
    </Filter>
    <Filter Include="MPEngine\Base\Manager">
      <UniqueIdentifier>{614a631a-b924-4e15-a001-0abb2786f472}</UniqueIdentifier>
    </Filter>
    <Filter Include="MPEngine\Base\Manager\DeviceManager">
      <UniqueIdentifier>{7be916f5-27c5-48a5-8075-58a4a49dfed2}</UniqueIdentifier>
    </Filter>
    <Filter Include="MPEngine\Base\Manager\ResourceManager">
      <UniqueIdentifier>{cb171d00-fb49-41b6-9f5c-1d2d6c968c7f}</UniqueIdentifier>
    </Filter>
    <Filter Include="MPEngine\Base\Manager\ListManager">
      <UniqueIdentifier>{b0606ba4-03a3-4342-8ff7-21e267597abf}</UniqueIdentifier>
    </Filter>
    <Filter Include="MPEngine\Base\WindowSupervisor">
      <UniqueIdentifier>{179189b8-5a8f-48e3-b51b-b0825419ee9b}</UniqueIdentifier>
    </Filter>
    <Filter Include="MPEngine\Base\DetailSetting">
      <UniqueIdentifier>{038ce64c-a2c3-442e-9c6b-72392125fe89}</UniqueIdentifier>
    </Filter>
    <Filter Include="MPEngine\Base\DetailSetting\RenderTarget">
      <UniqueIdentifier>{105cc852-8ef2-494e-a83a-96c0d37c75a8}</UniqueIdentifier>
    </Filter>
    <Filter Include="MPEngine\Base\DetailSetting\DescriptorHeap">
      <UniqueIdentifier>{557c217a-dddf-4194-90a7-18d539d5dff4}</UniqueIdentifier>
    </Filter>
    <Filter Include="MPEngine\Base\DetailSetting\SwapChain">
      <UniqueIdentifier>{2fae45bb-b385-4688-82c1-22244df5fd17}</UniqueIdentifier>
    </Filter>
    <Filter Include="MPEngine\Base\GraphicsManager">
      <UniqueIdentifier>{e10310e5-2aaf-4c14-8d05-3a6992ba67ef}</UniqueIdentifier>
    </Filter>
    <Filter Include="MPEngine\Input">
      <UniqueIdentifier>{0c2083e9-b23d-4a7c-b75a-df6ec4523b98}</UniqueIdentifier>
    </Filter>
    <Filter Include="MPEngine\Base\DetailSetting\DepthBuffer">
      <UniqueIdentifier>{a5e3842b-c746-4df1-b2b7-f34af4be53b6}</UniqueIdentifier>
    </Filter>
    <Filter Include="MPEngine\TimeBaseLoopExecuter">
      <UniqueIdentifier>{7763a28f-be97-41ac-84c6-f56c8bb9ca20}</UniqueIdentifier>
    </Filter>
    <Filter Include="MPEngine\Graphics">
      <UniqueIdentifier>{86e94afe-dddc-4771-ab3b-8331b6f641a9}</UniqueIdentifier>
    </Filter>
    <Filter Include="MPEngine\Graphics\Texture">
      <UniqueIdentifier>{d5147d06-c76b-43e6-8679-539867ee7b34}</UniqueIdentifier>
    </Filter>
    <Filter Include="MPEngine\Base\DetailSetting\GraphicsPipeline">
      <UniqueIdentifier>{d4ec419f-9c13-4f55-bceb-6ed06736d998}</UniqueIdentifier>
    </Filter>
    <Filter Include="MPEngine\Base\Manager\ShaderManager">
      <UniqueIdentifier>{6453e595-8ac6-4a71-bf38-f573fb447ab4}</UniqueIdentifier>
    </Filter>
    <Filter Include="MPEngine\Graphics\SpriteRender">
      <UniqueIdentifier>{e2b5b48c-6d09-4fa7-8499-eedb15b8913b}</UniqueIdentifier>
    </Filter>
    <Filter Include="MPEngine\Graphics\Sprite">
      <UniqueIdentifier>{62ab4733-f874-428e-8760-ff502c89db88}</UniqueIdentifier>
    </Filter>
    <Filter Include="MPEngine\Base\DetailSetting\RootSignature">
      <UniqueIdentifier>{2f1e355a-ce5a-4c4b-8c3e-ae18499ead7d}</UniqueIdentifier>
    </Filter>
    <Filter Include="MPEngine\Base\DetailSetting\DescriptorHandle">
      <UniqueIdentifier>{b52532d6-f6cc-4ad2-9dc9-f604e93a0d09}</UniqueIdentifier>
    </Filter>
    <Filter Include="MPEngine\Graphics\RenderManager">
      <UniqueIdentifier>{acd41f0a-0343-4bf8-a137-d273c6ccc1ef}</UniqueIdentifier>
    </Filter>
    <Filter Include="GameScene">
      <UniqueIdentifier>{1c0b4081-c4c0-447f-b10f-a9e850ce9569}</UniqueIdentifier>
    </Filter>
    <Filter Include="MPEngine\Base\Manager\PipelineManager">
      <UniqueIdentifier>{e8c72f3f-8aee-49f1-8150-e60de2106ad4}</UniqueIdentifier>
    </Filter>
    <Filter Include="MPEngine\Math\Matrix3x3">
      <UniqueIdentifier>{2579d68a-7288-4c8a-917d-b7ea6e9a8167}</UniqueIdentifier>
    </Filter>
    <Filter Include="MPEngine\Graphics\ModelRender">
      <UniqueIdentifier>{c0eb142f-6032-40b4-ba8d-1e895e6f71b0}</UniqueIdentifier>
    </Filter>
    <Filter Include="MPEngine\Graphics\Model">
      <UniqueIdentifier>{b155d36c-f16f-4218-b581-e3f5cfa73318}</UniqueIdentifier>
    </Filter>
    <Filter Include="MPEngine\Graphics\Object3d">
      <UniqueIdentifier>{ced91e57-317f-407b-8a07-2dcd40dd8b09}</UniqueIdentifier>
    </Filter>
    <Filter Include="MPEngine\Utils">
      <UniqueIdentifier>{0b395792-25a1-452f-85ae-6611112c3e66}</UniqueIdentifier>
    </Filter>
    <Filter Include="MPEngine\Utils\WorldTransform">
      <UniqueIdentifier>{8a53edfd-ec22-48ff-b6f1-5f65a2eef455}</UniqueIdentifier>
    </Filter>
    <Filter Include="MPEngine\Framework">
      <UniqueIdentifier>{41f61a58-ff9a-4946-a755-ed4a4eeafa13}</UniqueIdentifier>
    </Filter>
    <Filter Include="Game">
      <UniqueIdentifier>{5dff761b-29e4-4c92-865d-911dfc77ea57}</UniqueIdentifier>
    </Filter>
    <Filter Include="Game\Stage">
      <UniqueIdentifier>{19ded618-3c76-46d7-879c-a123b4da663f}</UniqueIdentifier>
    </Filter>
    <Filter Include="MPEngine\Utils\Camera">
      <UniqueIdentifier>{6a5d4110-2738-49e7-ad1e-f8b4293d63a4}</UniqueIdentifier>
    </Filter>
    <Filter Include="Game\Player">
      <UniqueIdentifier>{c89d3320-9a61-4900-8784-20b3563fbe4b}</UniqueIdentifier>
    </Filter>
    <Filter Include="Game\Scene">
      <UniqueIdentifier>{7e539c64-4955-448f-9bb9-00a17fae06c6}</UniqueIdentifier>
    </Filter>
    <Filter Include="Game\Scene\BattleScene">
      <UniqueIdentifier>{40b0a4d4-31b6-4441-9dac-890815a56fee}</UniqueIdentifier>
    </Filter>
    <Filter Include="Game\FollowCamera">
      <UniqueIdentifier>{56fd966c-81bc-448a-9078-89541012064e}</UniqueIdentifier>
    </Filter>
    <Filter Include="Game\BoxSky">
      <UniqueIdentifier>{b72ac4e9-d6c6-40da-9819-62df1da813c5}</UniqueIdentifier>
    </Filter>
    <Filter Include="Game\Stage\Ground">
      <UniqueIdentifier>{879e8b5c-804b-4e24-a645-0089b2ac87e5}</UniqueIdentifier>
    </Filter>
    <Filter Include="Game\Stage\Tower">
      <UniqueIdentifier>{41535bfb-4caa-4678-92e8-39c35c480fbb}</UniqueIdentifier>
    </Filter>
    <Filter Include="MPEngine\Utils\Easing">
      <UniqueIdentifier>{037e1ca9-35f1-4998-a1e5-cec27fcd2c75}</UniqueIdentifier>
    </Filter>
    <Filter Include="Game\Target">
      <UniqueIdentifier>{90eb1c6e-7ab8-4268-aeab-388900a8c167}</UniqueIdentifier>
    </Filter>
    <Filter Include="Game\LockOn">
      <UniqueIdentifier>{7609e7b7-185c-40c8-a2f0-384ec00bdf2c}</UniqueIdentifier>
    </Filter>
    <Filter Include="MPEngine\Utils\GlobalVariables">
      <UniqueIdentifier>{4f0eb38c-9d2c-4fbc-8c61-70ef7c8b1183}</UniqueIdentifier>
    </Filter>
    <Filter Include="MPEngine\Math\AABB">
      <UniqueIdentifier>{e2687454-65e6-4df4-9e1a-810bf1ad59dc}</UniqueIdentifier>
    </Filter>
    <Filter Include="MPEngine\Math\Sphere">
      <UniqueIdentifier>{cac44694-94ad-46e5-b9ce-3aa4a00e7f3b}</UniqueIdentifier>
    </Filter>
    <Filter Include="Game\Enemy">
      <UniqueIdentifier>{530e4a2c-0909-4f5f-9bbb-53cc7252e6d8}</UniqueIdentifier>
    </Filter>
  </ItemGroup>
  <ItemGroup>
    <Text Include="externals\imgui\LICENSE.txt">
      <Filter>imgui</Filter>
    </Text>
  </ItemGroup>
  <ItemGroup>
    <ResourceCompile Include="DirectXgame.rc" />
  </ItemGroup>
  <ItemGroup>
    <Image Include="Resources\icon.ico" />
  </ItemGroup>
</Project>