<?xml version="1.0" encoding="utf-8"?>
<Project ToolsVersion="4.0" xmlns="http://schemas.microsoft.com/developer/msbuild/2003">
  <ItemGroup>
    <ClCompile Include="main.cpp" />
    <ClCompile Include="externals\imgui\imgui.cpp">
      <Filter>imgui</Filter>
    </ClCompile>
    <ClCompile Include="externals\imgui\imgui_demo.cpp">
      <Filter>imgui</Filter>
    </ClCompile>
    <ClCompile Include="externals\imgui\imgui_draw.cpp">
      <Filter>imgui</Filter>
    </ClCompile>
    <ClCompile Include="externals\imgui\imgui_impl_dx12.cpp">
      <Filter>imgui</Filter>
    </ClCompile>
    <ClCompile Include="externals\imgui\imgui_impl_win32.cpp">
      <Filter>imgui</Filter>
    </ClCompile>
    <ClCompile Include="externals\imgui\imgui_tables.cpp">
      <Filter>imgui</Filter>
    </ClCompile>
    <ClCompile Include="externals\imgui\imgui_widgets.cpp">
      <Filter>imgui</Filter>
    </ClCompile>
    <ClCompile Include="MPEngine\MPEngine.cpp">
      <Filter>MPEngine</Filter>
    </ClCompile>
    <ClCompile Include="MPEngine\Base\CommandDirectX\CommandDirectX.cpp">
      <Filter>MPEngine\Base\CommandDirectX</Filter>
    </ClCompile>
    <ClCompile Include="MPEngine\math\Matrix4x4.cpp">
      <Filter>MPEngine\Math\Matrix4x4</Filter>
    </ClCompile>
    <ClCompile Include="MPEngine\math\Vector2.cpp">
      <Filter>MPEngine\Math\Vector2</Filter>
    </ClCompile>
    <ClCompile Include="MPEngine\math\Vector3.cpp">
      <Filter>MPEngine\Math\Vector3</Filter>
    </ClCompile>
    <ClCompile Include="MPEngine\math\Vector4.cpp">
      <Filter>MPEngine\Math\Vector4</Filter>
    </ClCompile>
    <ClCompile Include="MPEngine\Base\WinApp\WinApp.cpp">
      <Filter>MPEngine\Base\WinApp</Filter>
    </ClCompile>
    <ClCompile Include="MPEngine\Base\DetailSetting\RenderTarget\RenderTarget.cpp">
      <Filter>MPEngine\Base\DdetailSetting\RenderTarget</Filter>
    </ClCompile>
    <ClCompile Include="MPEngine\Base\DetailSetting\DescriptorHeap\DescriptorHeap.cpp">
      <Filter>MPEngine\Base\DdetailSetting\DescriptorHeap</Filter>
    </ClCompile>
    <ClCompile Include="MPEngine\Base\Manager\DeviceManager\DeviceManager.cpp">
      <Filter>MPEngine\Base\Manager\DeviceManager</Filter>
    </ClCompile>
    <ClCompile Include="MPEngine\Base\DetailSetting\SwapChain\SwapChain.cpp">
      <Filter>MPEngine\Base\DdetailSetting\SwapChain</Filter>
    </ClCompile>
    <ClCompile Include="MPEngine\Base\Manager\ResourceManager\ResourceManager.cpp">
      <Filter>MPEngine\Base\Manager\ResourceManager</Filter>
    </ClCompile>
    <ClCompile Include="MPEngine\Base\Manager\ListManager\ListManager.cpp">
      <Filter>MPEngine\Base\Manager\ListManager</Filter>
    </ClCompile>
  </ItemGroup>
  <ItemGroup>
    <ClInclude Include="externals\imgui\imconfig.h">
      <Filter>imgui</Filter>
    </ClInclude>
    <ClInclude Include="externals\imgui\imgui.h">
      <Filter>imgui</Filter>
    </ClInclude>
    <ClInclude Include="externals\imgui\imgui_impl_dx12.h">
      <Filter>imgui</Filter>
    </ClInclude>
    <ClInclude Include="externals\imgui\imgui_impl_win32.h">
      <Filter>imgui</Filter>
    </ClInclude>
    <ClInclude Include="externals\imgui\imgui_internal.h">
      <Filter>imgui</Filter>
    </ClInclude>
    <ClInclude Include="externals\imgui\imstb_rectpack.h">
      <Filter>imgui</Filter>
    </ClInclude>
    <ClInclude Include="externals\imgui\imstb_textedit.h">
      <Filter>imgui</Filter>
    </ClInclude>
    <ClInclude Include="externals\imgui\imstb_truetype.h">
      <Filter>imgui</Filter>
    </ClInclude>
    <ClInclude Include="resource.h" />
    <ClInclude Include="MPEngine\MPEngine.h">
      <Filter>MPEngine</Filter>
    </ClInclude>
    <ClInclude Include="MPEngine\Base\CommandDirectX\CommandDirectX.h">
      <Filter>MPEngine\Base\CommandDirectX</Filter>
    </ClInclude>
    <ClInclude Include="MPEngine\math\Matrix4x4.h">
      <Filter>MPEngine\Math\Matrix4x4</Filter>
    </ClInclude>
    <ClInclude Include="MPEngine\math\Vector2.h">
      <Filter>MPEngine\Math\Vector2</Filter>
    </ClInclude>
    <ClInclude Include="MPEngine\math\Vector3.h">
      <Filter>MPEngine\Math\Vector3</Filter>
    </ClInclude>
    <ClInclude Include="MPEngine\math\Vector4.h">
      <Filter>MPEngine\Math\Vector4</Filter>
    </ClInclude>
    <ClInclude Include="MPEngine\Base\WinApp\WinApp.h">
      <Filter>MPEngine\Base\WinApp</Filter>
    </ClInclude>
    <ClInclude Include="MPEngine\Base\Log.h">
      <Filter>MPEngine\Base</Filter>
    </ClInclude>
    <ClInclude Include="MPEngine\Base\DetailSetting\RenderTarget\RenderTarget.h">
      <Filter>MPEngine\Base\DdetailSetting\RenderTarget</Filter>
    </ClInclude>
    <ClInclude Include="MPEngine\Base\DetailSetting\DescriptorHeap\DescriptorHeap.h">
      <Filter>MPEngine\Base\DdetailSetting\DescriptorHeap</Filter>
    </ClInclude>
    <ClInclude Include="MPEngine\Base\Manager\DeviceManager\DeviceManager.h">
      <Filter>MPEngine\Base\Manager\DeviceManager</Filter>
    </ClInclude>
    <ClInclude Include="MPEngine\Base\DetailSetting\SwapChain\SwapChain.h">
      <Filter>MPEngine\Base\DdetailSetting\SwapChain</Filter>
    </ClInclude>
    <ClInclude Include="MPEngine\Base\Manager\ResourceManager\ResourceManager.h">
      <Filter>MPEngine\Base\Manager\ResourceManager</Filter>
    </ClInclude>
    <ClInclude Include="MPEngine\Base\Manager\ListManager\ListManager.h">
      <Filter>MPEngine\Base\Manager\ListManager</Filter>
    </ClInclude>
  </ItemGroup>
  <ItemGroup>
    <Filter Include="imgui">
      <UniqueIdentifier>{1bc5df33-c290-41ee-b4db-b9f6b0d0758c}</UniqueIdentifier>
    </Filter>
    <Filter Include="MPEngine">
      <UniqueIdentifier>{879924de-88d7-4bc4-9058-376dfbbd92d7}</UniqueIdentifier>
    </Filter>
    <Filter Include="MPEngine\Base">
      <UniqueIdentifier>{f667e17e-d6ca-48b9-89b4-0aca0f8918d8}</UniqueIdentifier>
    </Filter>
    <Filter Include="MPEngine\Base\CommandDirectX">
      <UniqueIdentifier>{49001437-d8b5-4fd8-8bb1-f63d3478f1dd}</UniqueIdentifier>
    </Filter>
    <Filter Include="MPEngine\Math">
      <UniqueIdentifier>{8f449e96-ff08-45ab-ae25-a91bb37b44d0}</UniqueIdentifier>
    </Filter>
    <Filter Include="MPEngine\Math\Matrix4x4">
      <UniqueIdentifier>{0f1c9859-9c4d-4796-a6ef-a0f8b18498c7}</UniqueIdentifier>
    </Filter>
    <Filter Include="MPEngine\Math\Vector2">
      <UniqueIdentifier>{e4ebadad-8597-4a3e-862a-6931629894aa}</UniqueIdentifier>
    </Filter>
    <Filter Include="MPEngine\Math\Vector3">
      <UniqueIdentifier>{aca66387-b77b-4f38-839c-2ef359d289f0}</UniqueIdentifier>
    </Filter>
    <Filter Include="MPEngine\Math\Vector4">
      <UniqueIdentifier>{2fecb063-0fa0-4816-9163-9300fb887795}</UniqueIdentifier>
    </Filter>
    <Filter Include="MPEngine\Base\WinApp">
      <UniqueIdentifier>{eda8863d-9bf4-4d63-b11d-74fb834ffa2f}</UniqueIdentifier>
    </Filter>
    <Filter Include="MPEngine\Base\DdetailSetting">
      <UniqueIdentifier>{038ce64c-a2c3-442e-9c6b-72392125fe89}</UniqueIdentifier>
    </Filter>
    <Filter Include="MPEngine\Base\DdetailSetting\RenderTarget">
      <UniqueIdentifier>{105cc852-8ef2-494e-a83a-96c0d37c75a8}</UniqueIdentifier>
    </Filter>
    <Filter Include="MPEngine\Base\DdetailSetting\DescriptorHeap">
      <UniqueIdentifier>{557c217a-dddf-4194-90a7-18d539d5dff4}</UniqueIdentifier>
    </Filter>
    <Filter Include="MPEngine\Base\Manager">
      <UniqueIdentifier>{614a631a-b924-4e15-a001-0abb2786f472}</UniqueIdentifier>
    </Filter>
    <Filter Include="MPEngine\Base\Manager\DeviceManager">
      <UniqueIdentifier>{7be916f5-27c5-48a5-8075-58a4a49dfed2}</UniqueIdentifier>
    </Filter>
    <Filter Include="MPEngine\Base\DdetailSetting\SwapChain">
      <UniqueIdentifier>{2fae45bb-b385-4688-82c1-22244df5fd17}</UniqueIdentifier>
    </Filter>
    <Filter Include="MPEngine\Base\Manager\ResourceManager">
      <UniqueIdentifier>{cb171d00-fb49-41b6-9f5c-1d2d6c968c7f}</UniqueIdentifier>
    </Filter>
    <Filter Include="MPEngine\Base\Manager\ListManager">
      <UniqueIdentifier>{b0606ba4-03a3-4342-8ff7-21e267597abf}</UniqueIdentifier>
    </Filter>
  </ItemGroup>
  <ItemGroup>
    <Text Include="externals\imgui\LICENSE.txt">
      <Filter>imgui</Filter>
    </Text>
  </ItemGroup>
  <ItemGroup>
    <ResourceCompile Include="DirectXgame.rc" />
  </ItemGroup>
  <ItemGroup>
    <Image Include="Resources\icon.ico" />
  </ItemGroup>
</Project>