<?xml version="1.0" encoding="utf-8"?>
<Project ToolsVersion="4.0" xmlns="http://schemas.microsoft.com/developer/msbuild/2003">
  <ItemGroup>
    <ClCompile Include="main.cpp" />
    <ClCompile Include="MPEngine\MPEngine.cpp">
      <Filter>MPEngine</Filter>
    </ClCompile>
    <ClCompile Include="MPEngine\math\Matrix4x4.cpp">
      <Filter>MPEngine\Math\Matrix4x4</Filter>
    </ClCompile>
    <ClCompile Include="MPEngine\math\Vector2.cpp">
      <Filter>MPEngine\Math\Vector2</Filter>
    </ClCompile>
    <ClCompile Include="MPEngine\math\Vector3.cpp">
      <Filter>MPEngine\Math\Vector3</Filter>
    </ClCompile>
    <ClCompile Include="MPEngine\math\Vector4.cpp">
      <Filter>MPEngine\Math\Vector4</Filter>
    </ClCompile>
    <ClCompile Include="MPEngine\Base\DetailSetting\RenderTarget\RenderTarget.cpp">
      <Filter>MPEngine\Base\DetailSetting\RenderTarget</Filter>
    </ClCompile>
    <ClCompile Include="MPEngine\Base\DetailSetting\DescriptorHeap\DescriptorHeap.cpp">
      <Filter>MPEngine\Base\DetailSetting\DescriptorHeap</Filter>
    </ClCompile>
    <ClCompile Include="MPEngine\Base\Manager\DeviceManager\DeviceManager.cpp">
      <Filter>MPEngine\Base\Manager\DeviceManager</Filter>
    </ClCompile>
    <ClCompile Include="MPEngine\Base\DetailSetting\SwapChain\SwapChain.cpp">
      <Filter>MPEngine\Base\DetailSetting\SwapChain</Filter>
    </ClCompile>
    <ClCompile Include="MPEngine\Base\Manager\ResourceManager\ResourceManager.cpp">
      <Filter>MPEngine\Base\Manager\ResourceManager</Filter>
    </ClCompile>
    <ClCompile Include="MPEngine\Base\Manager\ListManager\ListManager.cpp">
      <Filter>MPEngine\Base\Manager\ListManager</Filter>
    </ClCompile>
    <ClCompile Include="MPEngine\Base\WindowSupervisor\WindowSupervisor.cpp">
      <Filter>MPEngine\Base\WindowSupervisor</Filter>
    </ClCompile>
    <ClCompile Include="MPEngine\Base\GraphicsManager\GraphicsManager.cpp">
      <Filter>MPEngine\Base\GraphicsManager</Filter>
    </ClCompile>
    <ClCompile Include="MPEngine\Input\KeyInput.cpp">
      <Filter>MPEngine\Input</Filter>
    </ClCompile>
    <ClCompile Include="MPEngine\Input\PadInput.cpp">
      <Filter>MPEngine\Input</Filter>
    </ClCompile>
    <ClCompile Include="MPEngine\Input\Input.cpp">
      <Filter>MPEngine\Input</Filter>
    </ClCompile>
    <ClCompile Include="MPEngine\Base\DetailSetting\DepthBuffer\DepthBuffer.cpp">
      <Filter>MPEngine\Base\DetailSetting\DepthBuffer</Filter>
    </ClCompile>
    <ClCompile Include="MPEngine\TimeBaseLoopExecuter\TimeBaseLoopExecuter.cpp">
      <Filter>MPEngine\TimeBaseLoopExecuter</Filter>
    </ClCompile>
    <ClCompile Include="MPEngine\Graphics\Texture\Texture.cpp">
      <Filter>MPEngine\Graphics\Utils\Texture</Filter>
    </ClCompile>
    <ClCompile Include="MPEngine\Base\DetailSetting\GraphicsPipeline\GraphicsPipeline.cpp">
      <Filter>MPEngine\Base\DetailSetting\GraphicsPipeline</Filter>
    </ClCompile>
    <ClCompile Include="MPEngine\Base\Manager\ShaderManager\ShaderManager.cpp">
      <Filter>MPEngine\Base\Manager\ShaderManager</Filter>
    </ClCompile>
    <ClCompile Include="MPEngine\Graphics\SpriteRender\SpriteRender.cpp">
      <Filter>MPEngine\Graphics\Render\SpriteRender</Filter>
    </ClCompile>
    <ClCompile Include="MPEngine\Graphics\Sprite\Sprite.cpp">
      <Filter>MPEngine\Graphics\Utils\Sprite</Filter>
    </ClCompile>
    <ClCompile Include="MPEngine\Base\DetailSetting\RootSignature\RootSignature.cpp">
      <Filter>MPEngine\Base\DetailSetting\RootSignature</Filter>
    </ClCompile>
    <ClCompile Include="MPEngine\Base\DetailSetting\DescriptorHandle\DescriptorHandle.cpp">
      <Filter>MPEngine\Base\DetailSetting\DescriptorHandle</Filter>
    </ClCompile>
    <ClCompile Include="MPEngine\Graphics\RenderManager\RenderManager.cpp">
      <Filter>MPEngine\Graphics\Render\RenderManager</Filter>
    </ClCompile>
    <ClCompile Include="GameScene\GameScene.cpp">
      <Filter>GameScene</Filter>
    </ClCompile>
    <ClCompile Include="MPEngine\Math\Matrix3x3.cpp">
      <Filter>MPEngine\Math\Matrix3x3</Filter>
    </ClCompile>
    <ClCompile Include="MPEngine\Graphics\Model\Model.cpp">
      <Filter>MPEngine\Graphics\Utils\Model</Filter>
    </ClCompile>
    <ClCompile Include="MPEngine\Graphics\ModelRender\ModelRender.cpp">
      <Filter>MPEngine\Graphics\Render\ModelRender</Filter>
    </ClCompile>
    <ClCompile Include="MPEngine\Graphics\Object3d\Object3d.cpp">
      <Filter>MPEngine\Graphics\Utils\Object3d</Filter>
    </ClCompile>
    <ClCompile Include="MPEngine\Utils\WorldTransform\WorldTransform.cpp">
      <Filter>MPEngine\Utils\WorldTransform</Filter>
    </ClCompile>
    <ClCompile Include="MPEngine\Utils\Camera\Camera.cpp">
      <Filter>MPEngine\Utils\Camera</Filter>
    </ClCompile>
    <ClCompile Include="MPEngine\Utils\Camera\Camera3d.cpp">
      <Filter>MPEngine\Utils\Camera</Filter>
    </ClCompile>
    <ClCompile Include="MPEngine\Utils\Easing\Ease.cpp">
      <Filter>MPEngine\Utils\Easing</Filter>
    </ClCompile>
    <ClCompile Include="MPEngine\Utils\GlobalVariables\GlobalVariables.cpp">
      <Filter>MPEngine\Utils\GlobalVariables</Filter>
    </ClCompile>
    <ClCompile Include="Game\Camera\FollowCamera.cpp">
      <Filter>Game\Camera\FollowCamera</Filter>
    </ClCompile>
    <ClCompile Include="Game\Camera\WireCamera.cpp">
      <Filter>Game\Camera\WireCamera</Filter>
    </ClCompile>
    <ClCompile Include="MPEngine\Graphics\Particle\Particle.cpp">
      <Filter>MPEngine\Graphics\Utils\Particle</Filter>
    </ClCompile>
    <ClCompile Include="MPEngine\Graphics\ParticleRender\ParticleRender.cpp">
      <Filter>MPEngine\Graphics\Render\ParticleRender</Filter>
    </ClCompile>
    <ClCompile Include="Game\Scene\TitleScene.cpp">
      <Filter>Game\Scene\TitleScene</Filter>
    </ClCompile>
    <ClCompile Include="MPEngine\Input\Audio.cpp">
      <Filter>MPEngine\Input</Filter>
    </ClCompile>
    <ClCompile Include="MPEngine\Base\Manager\ImGuiManager\ImGuiManager.cpp">
      <Filter>MPEngine\Base\Manager\ImGuiManager</Filter>
    </ClCompile>
    <ClCompile Include="GameScene\Transition.cpp">
      <Filter>GameScene</Filter>
    </ClCompile>
    <ClCompile Include="MPEngine\Graphics\Light\DirectionalLight.cpp">
      <Filter>MPEngine\Graphics\Utils\Light\DirectionalLight</Filter>
    </ClCompile>
    <ClCompile Include="Game\Particle\DustParticle.cpp">
      <Filter>Game\Particle</Filter>
    </ClCompile>
    <ClCompile Include="Game\Scene\BattleScene.cpp">
      <Filter>Game\Scene\BattleScene</Filter>
    </ClCompile>
    <ClCompile Include="Game\GameUI\GameUI.cpp">
      <Filter>Game\GameUI</Filter>
    </ClCompile>
    <ClCompile Include="Game\LockOn\LockOn.cpp">
      <Filter>Game\LockOn</Filter>
    </ClCompile>
    <ClCompile Include="Game\Enemy\Enemy.cpp">
      <Filter>Game\Enemy</Filter>
    </ClCompile>
    <ClCompile Include="Game\BoxSky\BoxSky.cpp">
      <Filter>Game\BoxSky</Filter>
    </ClCompile>
    <ClCompile Include="Game\Stage\Ground.cpp">
      <Filter>Game\Stage</Filter>
    </ClCompile>
    <ClCompile Include="Game\Stage\Stage.cpp">
      <Filter>Game\Stage</Filter>
    </ClCompile>
    <ClCompile Include="Game\Stage\Tower.cpp">
      <Filter>Game\Stage</Filter>
    </ClCompile>
    <ClCompile Include="Game\Target\Target.cpp">
      <Filter>Game\Target</Filter>
    </ClCompile>
    <ClCompile Include="MPEngine\Graphics\Line\Line.cpp">
      <Filter>MPEngine\Graphics\Utils\Line</Filter>
    </ClCompile>
    <ClCompile Include="MPEngine\Graphics\LineRender\LineRender.cpp">
      <Filter>MPEngine\Graphics\Render\LineRender</Filter>
    </ClCompile>
    <ClCompile Include="Game\TitleUI\TitleUI.cpp">
      <Filter>Game\TitleUI</Filter>
    </ClCompile>
    <ClCompile Include="MPEngine\Utils\Collider\Collider.cpp">
      <Filter>MPEngine\Utils\Collider</Filter>
    </ClCompile>
    <ClCompile Include="Game\Camera\AttackCamera.cpp">
      <Filter>Game\Camera\AttackCamera</Filter>
    </ClCompile>
    <ClCompile Include="MPEngine\Input\MouseInput.cpp">
      <Filter>MPEngine\Input</Filter>
    </ClCompile>
    <ClCompile Include="MPEngine\Math\Quaternion.cpp">
      <Filter>MPEngine\Math\Quaternion</Filter>
    </ClCompile>
    <ClCompile Include="MPEngine\Graphics\Animation\ModelAnimation.cpp">
      <Filter>MPEngine\Graphics\Utils\Animation</Filter>
    </ClCompile>
    <ClCompile Include="MPEngine\Graphics\Animation\AnimationData.cpp">
      <Filter>MPEngine\Graphics\Utils\Animation</Filter>
    </ClCompile>
    <ClCompile Include="MPEngine\Graphics\PostEffect\BaseEffect.cpp">
      <Filter>MPEngine\Graphics\PostEffect</Filter>
    </ClCompile>
    <ClCompile Include="Game\Player\PlayerManager.cpp">
      <Filter>Game\Player</Filter>
    </ClCompile>
    <ClCompile Include="Game\Player\PlayerAnimation.cpp">
      <Filter>Game\Player</Filter>
    </ClCompile>
    <ClCompile Include="MPEngine\Graphics\SkyBox\SkyBox.cpp">
      <Filter>MPEngine\Graphics\Utils\SkyBox</Filter>
    </ClCompile>
    <ClCompile Include="MPEngine\Graphics\SkyBoxRender\SkyBoxRender.cpp">
      <Filter>MPEngine\Graphics\Render\SkyBoxRender</Filter>
    </ClCompile>
    <ClCompile Include="MPEngine\Utils\Tool\LevelData.cpp">
      <Filter>MPEngine\Utils\Tool</Filter>
    </ClCompile>
    <ClCompile Include="Game\Player\WebSwing.cpp">
      <Filter>Game\Player\Move</Filter>
    </ClCompile>
    <ClCompile Include="Game\Player\WireTargetMove.cpp">
      <Filter>Game\Player\Move</Filter>
    </ClCompile>
    <ClCompile Include="Game\Player\PlayerParticle.cpp">
      <Filter>Game\Player</Filter>
    </ClCompile>
    <ClCompile Include="MPEngine\Utils\Collider\BoxCollider.cpp">
      <Filter>MPEngine\Utils\Collider</Filter>
    </ClCompile>
    <ClCompile Include="MPEngine\Utils\Template\GameObject.cpp">
      <Filter>MPEngine\Utils\Template</Filter>
    </ClCompile>
    <ClCompile Include="Game\Stage\Goal.cpp">
      <Filter>Game\Stage</Filter>
    </ClCompile>
  </ItemGroup>
  <ItemGroup>
    <ClInclude Include="resource.h" />
    <ClInclude Include="MPEngine\MPEngine.h">
      <Filter>MPEngine</Filter>
    </ClInclude>
    <ClInclude Include="MPEngine\math\Matrix4x4.h">
      <Filter>MPEngine\Math\Matrix4x4</Filter>
    </ClInclude>
    <ClInclude Include="MPEngine\math\Vector2.h">
      <Filter>MPEngine\Math\Vector2</Filter>
    </ClInclude>
    <ClInclude Include="MPEngine\math\Vector3.h">
      <Filter>MPEngine\Math\Vector3</Filter>
    </ClInclude>
    <ClInclude Include="MPEngine\math\Vector4.h">
      <Filter>MPEngine\Math\Vector4</Filter>
    </ClInclude>
    <ClInclude Include="MPEngine\Base\Log.h">
      <Filter>MPEngine\Base</Filter>
    </ClInclude>
    <ClInclude Include="MPEngine\Base\DetailSetting\RenderTarget\RenderTarget.h">
      <Filter>MPEngine\Base\DetailSetting\RenderTarget</Filter>
    </ClInclude>
    <ClInclude Include="MPEngine\Base\DetailSetting\DescriptorHeap\DescriptorHeap.h">
      <Filter>MPEngine\Base\DetailSetting\DescriptorHeap</Filter>
    </ClInclude>
    <ClInclude Include="MPEngine\Base\Manager\DeviceManager\DeviceManager.h">
      <Filter>MPEngine\Base\Manager\DeviceManager</Filter>
    </ClInclude>
    <ClInclude Include="MPEngine\Base\DetailSetting\SwapChain\SwapChain.h">
      <Filter>MPEngine\Base\DetailSetting\SwapChain</Filter>
    </ClInclude>
    <ClInclude Include="MPEngine\Base\Manager\ResourceManager\ResourceManager.h">
      <Filter>MPEngine\Base\Manager\ResourceManager</Filter>
    </ClInclude>
    <ClInclude Include="MPEngine\Base\Manager\ListManager\ListManager.h">
      <Filter>MPEngine\Base\Manager\ListManager</Filter>
    </ClInclude>
    <ClInclude Include="MPEngine\Base\WindowSupervisor\WindowSupervisor.h">
      <Filter>MPEngine\Base\WindowSupervisor</Filter>
    </ClInclude>
    <ClInclude Include="MPEngine\Base\GraphicsManager\GraphicsManager.h">
      <Filter>MPEngine\Base\GraphicsManager</Filter>
    </ClInclude>
    <ClInclude Include="MPEngine\Input\KeyInput.h">
      <Filter>MPEngine\Input</Filter>
    </ClInclude>
    <ClInclude Include="MPEngine\Input\PadInput.h">
      <Filter>MPEngine\Input</Filter>
    </ClInclude>
    <ClInclude Include="MPEngine\Input\Input.h">
      <Filter>MPEngine\Input</Filter>
    </ClInclude>
    <ClInclude Include="MPEngine\Base\DetailSetting\DepthBuffer\DepthBuffer.h">
      <Filter>MPEngine\Base\DetailSetting\DepthBuffer</Filter>
    </ClInclude>
    <ClInclude Include="MPEngine\TimeBaseLoopExecuter\TimeBaseLoopExecuter.h">
      <Filter>MPEngine\TimeBaseLoopExecuter</Filter>
    </ClInclude>
    <ClInclude Include="MPEngine\Base\DetailSetting\GraphicsPipeline\GraphicsPipeline.h">
      <Filter>MPEngine\Base\DetailSetting\GraphicsPipeline</Filter>
    </ClInclude>
    <ClInclude Include="MPEngine\Graphics\Texture\Texture.h">
      <Filter>MPEngine\Graphics\Utils\Texture</Filter>
    </ClInclude>
    <ClInclude Include="MPEngine\Base\Manager\ShaderManager\ShaderManager.h">
      <Filter>MPEngine\Base\Manager\ShaderManager</Filter>
    </ClInclude>
    <ClInclude Include="MPEngine\Graphics\SpriteRender\SpriteRender.h">
      <Filter>MPEngine\Graphics\Render\SpriteRender</Filter>
    </ClInclude>
    <ClInclude Include="MPEngine\Graphics\Sprite\Sprite.h">
      <Filter>MPEngine\Graphics\Utils\Sprite</Filter>
    </ClInclude>
    <ClInclude Include="MPEngine\Base\DetailSetting\RootSignature\RootSignature.h">
      <Filter>MPEngine\Base\DetailSetting\RootSignature</Filter>
    </ClInclude>
    <ClInclude Include="MPEngine\Base\ConstantBuffer.h">
      <Filter>MPEngine\Base</Filter>
    </ClInclude>
    <ClInclude Include="MPEngine\Base\DetailSetting\DescriptorHandle\DescriptorHandle.h">
      <Filter>MPEngine\Base\DetailSetting\DescriptorHandle</Filter>
    </ClInclude>
    <ClInclude Include="MPEngine\Graphics\RenderManager\RenderManager.h">
      <Filter>MPEngine\Graphics\Render\RenderManager</Filter>
    </ClInclude>
    <ClInclude Include="GameScene\GameScene.h">
      <Filter>GameScene</Filter>
    </ClInclude>
    <ClInclude Include="MPEngine\Math\Matrix3x3.h">
      <Filter>MPEngine\Math\Matrix3x3</Filter>
    </ClInclude>
    <ClInclude Include="MPEngine\Math\MathUtl.h">
      <Filter>MPEngine\Math</Filter>
    </ClInclude>
    <ClInclude Include="MPEngine\Graphics\Model\Model.h">
      <Filter>MPEngine\Graphics\Utils\Model</Filter>
    </ClInclude>
    <ClInclude Include="MPEngine\Graphics\ModelRender\ModelRender.h">
      <Filter>MPEngine\Graphics\Render\ModelRender</Filter>
    </ClInclude>
    <ClInclude Include="MPEngine\Graphics\Object3d\Object3d.h">
      <Filter>MPEngine\Graphics\Utils\Object3d</Filter>
    </ClInclude>
    <ClInclude Include="MPEngine\Utils\WorldTransform\WorldTransform.h">
      <Filter>MPEngine\Utils\WorldTransform</Filter>
    </ClInclude>
    <ClInclude Include="MPEngine\Framework\SceneFrame.h">
      <Filter>MPEngine\Framework</Filter>
    </ClInclude>
    <ClInclude Include="MPEngine\Framework\GameFrame.h">
      <Filter>MPEngine\Framework</Filter>
    </ClInclude>
    <ClInclude Include="MPEngine\Utils\Camera\Camera.h">
      <Filter>MPEngine\Utils\Camera</Filter>
    </ClInclude>
    <ClInclude Include="MPEngine\Utils\Camera\Camera3d.h">
      <Filter>MPEngine\Utils\Camera</Filter>
    </ClInclude>
    <ClInclude Include="MPEngine\Utils\Easing\Ease.h">
      <Filter>MPEngine\Utils\Easing</Filter>
    </ClInclude>
    <ClInclude Include="MPEngine\Utils\Easing\Easing.h">
      <Filter>MPEngine\Utils\Easing</Filter>
    </ClInclude>
    <ClInclude Include="MPEngine\Utils\GlobalVariables\GlobalVariables.h">
      <Filter>MPEngine\Utils\GlobalVariables</Filter>
    </ClInclude>
    <ClInclude Include="Game\Camera\FollowCamera.h">
      <Filter>Game\Camera\FollowCamera</Filter>
    </ClInclude>
    <ClInclude Include="Game\Camera\WireCamera.h">
      <Filter>Game\Camera\WireCamera</Filter>
    </ClInclude>
    <ClInclude Include="MPEngine\Graphics\Particle\Particle.h">
      <Filter>MPEngine\Graphics\Utils\Particle</Filter>
    </ClInclude>
    <ClInclude Include="MPEngine\Graphics\ParticleRender\ParticleRender.h">
      <Filter>MPEngine\Graphics\Render\ParticleRender</Filter>
    </ClInclude>
    <ClInclude Include="Game\Scene\TitleScene.h">
      <Filter>Game\Scene\TitleScene</Filter>
    </ClInclude>
    <ClInclude Include="MPEngine\Input\Audio.h">
      <Filter>MPEngine\Input</Filter>
    </ClInclude>
    <ClInclude Include="MPEngine\Base\Manager\ImGuiManager\ImGuiManager.h">
      <Filter>MPEngine\Base\Manager\ImGuiManager</Filter>
    </ClInclude>
    <ClInclude Include="GameScene\Transition.h">
      <Filter>GameScene</Filter>
    </ClInclude>
    <ClInclude Include="MPEngine\Graphics\Light\DirectionalLight.h">
      <Filter>MPEngine\Graphics\Utils\Light\DirectionalLight</Filter>
    </ClInclude>
    <ClInclude Include="Game\Particle\DustParticle.h">
      <Filter>Game\Particle</Filter>
    </ClInclude>
    <ClInclude Include="Game\Scene\BattleScene.h">
      <Filter>Game\Scene\BattleScene</Filter>
    </ClInclude>
    <ClInclude Include="Game\GameUI\GameUI.h">
      <Filter>Game\GameUI</Filter>
    </ClInclude>
    <ClInclude Include="Game\LockOn\LockOn.h">
      <Filter>Game\LockOn</Filter>
    </ClInclude>
    <ClInclude Include="Game\Enemy\Enemy.h">
      <Filter>Game\Enemy</Filter>
    </ClInclude>
    <ClInclude Include="Game\BoxSky\BoxSky.h">
      <Filter>Game\BoxSky</Filter>
    </ClInclude>
    <ClInclude Include="Game\Stage\Ground.h">
      <Filter>Game\Stage</Filter>
    </ClInclude>
    <ClInclude Include="Game\Stage\Stage.h">
      <Filter>Game\Stage</Filter>
    </ClInclude>
    <ClInclude Include="Game\Stage\Tower.h">
      <Filter>Game\Stage</Filter>
    </ClInclude>
    <ClInclude Include="Game\Target\Target.h">
      <Filter>Game\Target</Filter>
    </ClInclude>
    <ClInclude Include="MPEngine\Graphics\Line\Line.h">
      <Filter>MPEngine\Graphics\Utils\Line</Filter>
    </ClInclude>
    <ClInclude Include="MPEngine\Graphics\LineRender\LineRender.h">
      <Filter>MPEngine\Graphics\Render\LineRender</Filter>
    </ClInclude>
    <ClInclude Include="Game\TitleUI\TitleUI.h">
      <Filter>Game\TitleUI</Filter>
    </ClInclude>
    <ClInclude Include="MPEngine\Utils\Collider\Collider.h">
      <Filter>MPEngine\Utils\Collider</Filter>
    </ClInclude>
    <ClInclude Include="Game\Camera\AttackCamera.h">
      <Filter>Game\Camera\AttackCamera</Filter>
    </ClInclude>
    <ClInclude Include="MPEngine\Input\MouseInput.h">
      <Filter>MPEngine\Input</Filter>
    </ClInclude>
    <ClInclude Include="MPEngine\Math\Quaternion.h">
      <Filter>MPEngine\Math\Quaternion</Filter>
    </ClInclude>
    <ClInclude Include="MPEngine\Graphics\Animation\ModelAnimation.h">
      <Filter>MPEngine\Graphics\Utils\Animation</Filter>
    </ClInclude>
    <ClInclude Include="MPEngine\Graphics\Animation\AnimationData.h">
      <Filter>MPEngine\Graphics\Utils\Animation</Filter>
    </ClInclude>
    <ClInclude Include="MPEngine\Graphics\PostEffect\BaseEffect.h">
      <Filter>MPEngine\Graphics\PostEffect</Filter>
    </ClInclude>
    <ClInclude Include="Game\Player\PlayerManager.h">
      <Filter>Game\Player</Filter>
    </ClInclude>
    <ClInclude Include="Game\Player\PlayerAnimation.h">
      <Filter>Game\Player</Filter>
    </ClInclude>
    <ClInclude Include="MPEngine\Graphics\SkyBox\SkyBox.h">
      <Filter>MPEngine\Graphics\Utils\SkyBox</Filter>
    </ClInclude>
    <ClInclude Include="MPEngine\Graphics\SkyBoxRender\SkyBoxRender.h">
      <Filter>MPEngine\Graphics\Render\SkyBoxRender</Filter>
    </ClInclude>
    <ClInclude Include="MPEngine\Utils\Tool\LevelData.h">
      <Filter>MPEngine\Utils\Tool</Filter>
    </ClInclude>
    <ClInclude Include="Game\Player\WebSwing.h">
      <Filter>Game\Player\Move</Filter>
    </ClInclude>
    <ClInclude Include="Game\Player\WireTargetMove.h">
      <Filter>Game\Player\Move</Filter>
    </ClInclude>
    <ClInclude Include="Game\Player\PlayerParticle.h">
      <Filter>Game\Player</Filter>
    </ClInclude>
    <ClInclude Include="MPEngine\Utils\Collider\BoxCollider.h">
      <Filter>MPEngine\Utils\Collider</Filter>
    </ClInclude>
    <ClInclude Include="MPEngine\Utils\Template\GameObject.h">
      <Filter>MPEngine\Utils\Template</Filter>
    </ClInclude>
    <ClInclude Include="Game\Stage\Goal.h">
      <Filter>Game\Stage</Filter>
    </ClInclude>
  </ItemGroup>
  <ItemGroup>
    <Filter Include="MPEngine">
      <UniqueIdentifier>{879924de-88d7-4bc4-9058-376dfbbd92d7}</UniqueIdentifier>
    </Filter>
    <Filter Include="MPEngine\Base">
      <UniqueIdentifier>{f667e17e-d6ca-48b9-89b4-0aca0f8918d8}</UniqueIdentifier>
    </Filter>
    <Filter Include="MPEngine\Math">
      <UniqueIdentifier>{8f449e96-ff08-45ab-ae25-a91bb37b44d0}</UniqueIdentifier>
    </Filter>
    <Filter Include="MPEngine\Math\Matrix4x4">
      <UniqueIdentifier>{0f1c9859-9c4d-4796-a6ef-a0f8b18498c7}</UniqueIdentifier>
    </Filter>
    <Filter Include="MPEngine\Math\Vector2">
      <UniqueIdentifier>{e4ebadad-8597-4a3e-862a-6931629894aa}</UniqueIdentifier>
    </Filter>
    <Filter Include="MPEngine\Math\Vector3">
      <UniqueIdentifier>{aca66387-b77b-4f38-839c-2ef359d289f0}</UniqueIdentifier>
    </Filter>
    <Filter Include="MPEngine\Math\Vector4">
      <UniqueIdentifier>{2fecb063-0fa0-4816-9163-9300fb887795}</UniqueIdentifier>
    </Filter>
    <Filter Include="MPEngine\Base\Manager">
      <UniqueIdentifier>{614a631a-b924-4e15-a001-0abb2786f472}</UniqueIdentifier>
    </Filter>
    <Filter Include="MPEngine\Base\Manager\DeviceManager">
      <UniqueIdentifier>{7be916f5-27c5-48a5-8075-58a4a49dfed2}</UniqueIdentifier>
    </Filter>
    <Filter Include="MPEngine\Base\Manager\ResourceManager">
      <UniqueIdentifier>{cb171d00-fb49-41b6-9f5c-1d2d6c968c7f}</UniqueIdentifier>
    </Filter>
    <Filter Include="MPEngine\Base\Manager\ListManager">
      <UniqueIdentifier>{b0606ba4-03a3-4342-8ff7-21e267597abf}</UniqueIdentifier>
    </Filter>
    <Filter Include="MPEngine\Base\WindowSupervisor">
      <UniqueIdentifier>{179189b8-5a8f-48e3-b51b-b0825419ee9b}</UniqueIdentifier>
    </Filter>
    <Filter Include="MPEngine\Base\DetailSetting">
      <UniqueIdentifier>{038ce64c-a2c3-442e-9c6b-72392125fe89}</UniqueIdentifier>
    </Filter>
    <Filter Include="MPEngine\Base\DetailSetting\RenderTarget">
      <UniqueIdentifier>{105cc852-8ef2-494e-a83a-96c0d37c75a8}</UniqueIdentifier>
    </Filter>
    <Filter Include="MPEngine\Base\DetailSetting\DescriptorHeap">
      <UniqueIdentifier>{557c217a-dddf-4194-90a7-18d539d5dff4}</UniqueIdentifier>
    </Filter>
    <Filter Include="MPEngine\Base\DetailSetting\SwapChain">
      <UniqueIdentifier>{2fae45bb-b385-4688-82c1-22244df5fd17}</UniqueIdentifier>
    </Filter>
    <Filter Include="MPEngine\Base\GraphicsManager">
      <UniqueIdentifier>{e10310e5-2aaf-4c14-8d05-3a6992ba67ef}</UniqueIdentifier>
    </Filter>
    <Filter Include="MPEngine\Input">
      <UniqueIdentifier>{0c2083e9-b23d-4a7c-b75a-df6ec4523b98}</UniqueIdentifier>
    </Filter>
    <Filter Include="MPEngine\Base\DetailSetting\DepthBuffer">
      <UniqueIdentifier>{a5e3842b-c746-4df1-b2b7-f34af4be53b6}</UniqueIdentifier>
    </Filter>
    <Filter Include="MPEngine\TimeBaseLoopExecuter">
      <UniqueIdentifier>{7763a28f-be97-41ac-84c6-f56c8bb9ca20}</UniqueIdentifier>
    </Filter>
    <Filter Include="MPEngine\Graphics">
      <UniqueIdentifier>{86e94afe-dddc-4771-ab3b-8331b6f641a9}</UniqueIdentifier>
    </Filter>
    <Filter Include="MPEngine\Base\DetailSetting\GraphicsPipeline">
      <UniqueIdentifier>{d4ec419f-9c13-4f55-bceb-6ed06736d998}</UniqueIdentifier>
    </Filter>
    <Filter Include="MPEngine\Base\Manager\ShaderManager">
      <UniqueIdentifier>{6453e595-8ac6-4a71-bf38-f573fb447ab4}</UniqueIdentifier>
    </Filter>
    <Filter Include="MPEngine\Base\DetailSetting\RootSignature">
      <UniqueIdentifier>{2f1e355a-ce5a-4c4b-8c3e-ae18499ead7d}</UniqueIdentifier>
    </Filter>
    <Filter Include="MPEngine\Base\DetailSetting\DescriptorHandle">
      <UniqueIdentifier>{b52532d6-f6cc-4ad2-9dc9-f604e93a0d09}</UniqueIdentifier>
    </Filter>
    <Filter Include="GameScene">
      <UniqueIdentifier>{1c0b4081-c4c0-447f-b10f-a9e850ce9569}</UniqueIdentifier>
    </Filter>
    <Filter Include="MPEngine\Math\Matrix3x3">
      <UniqueIdentifier>{2579d68a-7288-4c8a-917d-b7ea6e9a8167}</UniqueIdentifier>
    </Filter>
    <Filter Include="MPEngine\Utils">
      <UniqueIdentifier>{0b395792-25a1-452f-85ae-6611112c3e66}</UniqueIdentifier>
    </Filter>
    <Filter Include="MPEngine\Utils\WorldTransform">
      <UniqueIdentifier>{8a53edfd-ec22-48ff-b6f1-5f65a2eef455}</UniqueIdentifier>
    </Filter>
    <Filter Include="MPEngine\Framework">
      <UniqueIdentifier>{41f61a58-ff9a-4946-a755-ed4a4eeafa13}</UniqueIdentifier>
    </Filter>
    <Filter Include="Game">
      <UniqueIdentifier>{5dff761b-29e4-4c92-865d-911dfc77ea57}</UniqueIdentifier>
    </Filter>
    <Filter Include="MPEngine\Utils\Camera">
      <UniqueIdentifier>{6a5d4110-2738-49e7-ad1e-f8b4293d63a4}</UniqueIdentifier>
    </Filter>
    <Filter Include="Game\Scene">
      <UniqueIdentifier>{7e539c64-4955-448f-9bb9-00a17fae06c6}</UniqueIdentifier>
    </Filter>
    <Filter Include="MPEngine\Utils\Easing">
      <UniqueIdentifier>{037e1ca9-35f1-4998-a1e5-cec27fcd2c75}</UniqueIdentifier>
    </Filter>
    <Filter Include="MPEngine\Utils\GlobalVariables">
      <UniqueIdentifier>{4f0eb38c-9d2c-4fbc-8c61-70ef7c8b1183}</UniqueIdentifier>
    </Filter>
    <Filter Include="Game\Camera">
      <UniqueIdentifier>{7e92d690-1ee2-48cd-ab80-409382813429}</UniqueIdentifier>
    </Filter>
    <Filter Include="Game\Camera\FollowCamera">
      <UniqueIdentifier>{f0b0910d-fffd-4fa1-8b25-c139f70bb91d}</UniqueIdentifier>
    </Filter>
    <Filter Include="Game\Camera\WireCamera">
      <UniqueIdentifier>{4464f6e6-169e-4157-b584-73a0da5cae25}</UniqueIdentifier>
    </Filter>
    <Filter Include="Game\Scene\TitleScene">
      <UniqueIdentifier>{fa18a743-c9c5-4b66-90c3-9f057ed671f3}</UniqueIdentifier>
    </Filter>
    <Filter Include="MPEngine\Base\Manager\ImGuiManager">
      <UniqueIdentifier>{f3054bbb-72fb-4162-9c74-8ae5737f8800}</UniqueIdentifier>
    </Filter>
    <Filter Include="Game\Particle">
      <UniqueIdentifier>{79132a06-5dc9-42c1-a691-944e89eda65a}</UniqueIdentifier>
    </Filter>
    <Filter Include="Game\Scene\BattleScene">
      <UniqueIdentifier>{242b9e70-017d-43c7-b946-f3c09cd028ea}</UniqueIdentifier>
    </Filter>
    <Filter Include="Game\Player">
      <UniqueIdentifier>{6fafe9ee-235e-49a2-a5b5-96d9899f53aa}</UniqueIdentifier>
    </Filter>
    <Filter Include="Game\LockOn">
      <UniqueIdentifier>{43763786-e427-4ccc-9a22-6ac52c23192f}</UniqueIdentifier>
    </Filter>
    <Filter Include="Game\GameUI">
      <UniqueIdentifier>{2ffe6233-25e0-45f0-8990-328e75b89257}</UniqueIdentifier>
    </Filter>
    <Filter Include="Game\Enemy">
      <UniqueIdentifier>{86a19ab8-a36a-499e-8ccd-4ce76b31a3b8}</UniqueIdentifier>
    </Filter>
    <Filter Include="Game\BoxSky">
      <UniqueIdentifier>{9e6a8c9c-ea04-4128-8843-3f0436b29f28}</UniqueIdentifier>
    </Filter>
    <Filter Include="Game\Stage">
      <UniqueIdentifier>{fda71cf1-23fa-4fa8-8de0-da5129fc810d}</UniqueIdentifier>
    </Filter>
    <Filter Include="Game\Target">
      <UniqueIdentifier>{17a2bc1a-3f68-48ac-9ed1-3eb00925b84e}</UniqueIdentifier>
    </Filter>
    <Filter Include="Game\TitleUI">
      <UniqueIdentifier>{13d7262e-9166-48d6-8c09-5fb07276a111}</UniqueIdentifier>
    </Filter>
    <Filter Include="MPEngine\Utils\Collider">
      <UniqueIdentifier>{b1c4d18d-1ea5-41f2-8ed6-205cb6096e7c}</UniqueIdentifier>
    </Filter>
    <Filter Include="Game\Camera\AttackCamera">
      <UniqueIdentifier>{fe9aa31c-dcd6-4639-8bc2-bcce12cd4b74}</UniqueIdentifier>
    </Filter>
    <Filter Include="MPEngine\Math\Quaternion">
      <UniqueIdentifier>{121381fe-4a17-4543-a3e7-335d542d1272}</UniqueIdentifier>
    </Filter>
    <Filter Include="MPEngine\Graphics\Render">
      <UniqueIdentifier>{65eeaa8a-eb9d-49b4-a331-8a7b2894380e}</UniqueIdentifier>
    </Filter>
    <Filter Include="MPEngine\Graphics\Render\ModelRender">
      <UniqueIdentifier>{c0eb142f-6032-40b4-ba8d-1e895e6f71b0}</UniqueIdentifier>
    </Filter>
    <Filter Include="MPEngine\Graphics\Render\LineRender">
      <UniqueIdentifier>{a1dec1d1-ac5d-4d51-ae11-e5a2c14a87c1}</UniqueIdentifier>
    </Filter>
    <Filter Include="MPEngine\Graphics\Render\ParticleRender">
      <UniqueIdentifier>{bb7ce54e-8604-4341-a908-0b036284391a}</UniqueIdentifier>
    </Filter>
    <Filter Include="MPEngine\Graphics\Render\RenderManager">
      <UniqueIdentifier>{acd41f0a-0343-4bf8-a137-d273c6ccc1ef}</UniqueIdentifier>
    </Filter>
    <Filter Include="MPEngine\Graphics\Render\SpriteRender">
      <UniqueIdentifier>{e2b5b48c-6d09-4fa7-8499-eedb15b8913b}</UniqueIdentifier>
    </Filter>
    <Filter Include="MPEngine\Graphics\Utils">
      <UniqueIdentifier>{c4732bdb-6735-4604-80b2-eba799a717f6}</UniqueIdentifier>
    </Filter>
    <Filter Include="MPEngine\Graphics\Utils\Object3d">
      <UniqueIdentifier>{ced91e57-317f-407b-8a07-2dcd40dd8b09}</UniqueIdentifier>
    </Filter>
    <Filter Include="MPEngine\Graphics\Utils\Particle">
      <UniqueIdentifier>{c0a559cf-08c8-4809-9eeb-aa38c01244a9}</UniqueIdentifier>
    </Filter>
    <Filter Include="MPEngine\Graphics\Utils\Sprite">
      <UniqueIdentifier>{62ab4733-f874-428e-8760-ff502c89db88}</UniqueIdentifier>
    </Filter>
    <Filter Include="MPEngine\Graphics\Utils\Texture">
      <UniqueIdentifier>{d5147d06-c76b-43e6-8679-539867ee7b34}</UniqueIdentifier>
    </Filter>
    <Filter Include="MPEngine\Graphics\Utils\Model">
      <UniqueIdentifier>{b155d36c-f16f-4218-b581-e3f5cfa73318}</UniqueIdentifier>
    </Filter>
    <Filter Include="MPEngine\Graphics\Utils\Line">
      <UniqueIdentifier>{e2e84727-7b8d-47a7-9040-f97529ac9383}</UniqueIdentifier>
    </Filter>
    <Filter Include="MPEngine\Graphics\Utils\Light">
      <UniqueIdentifier>{234c0cea-fbba-4588-b294-44dcd36e0da0}</UniqueIdentifier>
    </Filter>
    <Filter Include="MPEngine\Graphics\Utils\Light\DirectionalLight">
      <UniqueIdentifier>{cd5fceec-7198-44da-ae0d-e8e26db6c4d2}</UniqueIdentifier>
    </Filter>
    <Filter Include="MPEngine\Graphics\Utils\Animation">
      <UniqueIdentifier>{4b6145d8-02cb-45ae-927c-74f2c4667e6a}</UniqueIdentifier>
    </Filter>
    <Filter Include="MPEngine\Graphics\PostEffect">
      <UniqueIdentifier>{1b6b2e55-6808-45e8-a35c-cbb6bf88a9cc}</UniqueIdentifier>
    </Filter>
    <Filter Include="MPEngine\Graphics\Utils\SkyBox">
      <UniqueIdentifier>{d433aebc-9ad2-4e63-9bba-579daf688ccc}</UniqueIdentifier>
    </Filter>
    <Filter Include="MPEngine\Graphics\Render\SkyBoxRender">
      <UniqueIdentifier>{e4a15233-882b-410b-bded-526025943c19}</UniqueIdentifier>
    </Filter>
    <Filter Include="MPEngine\Utils\Tool">
      <UniqueIdentifier>{ff36c992-f97a-459d-ab81-13e557cf4018}</UniqueIdentifier>
    </Filter>
    <Filter Include="Game\Player\Move">
      <UniqueIdentifier>{7b7addd5-93d2-488b-919a-61d39ff63a02}</UniqueIdentifier>
    </Filter>
    <Filter Include="MPEngine\Utils\Template">
      <UniqueIdentifier>{94328d05-5052-4d25-a466-4bdb72b98b01}</UniqueIdentifier>
    </Filter>
  </ItemGroup>
  <ItemGroup>
    <ResourceCompile Include="DirectXgame.rc" />
  </ItemGroup>
  <ItemGroup>
    <Image Include="Resources\icon.ico" />
  </ItemGroup>
</Project>